
Microsoft Visual Studio Solution File, Format Version 12.00
# Visual Studio 14
VisualStudioVersion = 14.0.23107.0
MinimumVisualStudioVersion = 10.0.40219.1
Project("{2150E333-8FDC-42A3-9474-1A3956D46DE8}") = "Creation Patterns", "Creation Patterns", "{9ACAE063-9AE4-4DD7-8440-39CCB0FA76DF}"
EndProject
Project("{2150E333-8FDC-42A3-9474-1A3956D46DE8}") = "Structural Patterns", "Structural Patterns", "{ABC912E7-2029-4A8D-990C-F101DD257532}"
EndProject
Project("{2150E333-8FDC-42A3-9474-1A3956D46DE8}") = "Behaviour Patterns", "Behaviour Patterns", "{18D5428C-1638-44F0-AB88-1504381066A5}"
EndProject
Project("{FAE04EC0-301F-11D3-BF4B-00C04F79EFBC}") = "BuilderPattern", "BuilderPattern\BuilderPattern.csproj", "{7EF8B725-081F-4ADD-973A-E5DB5222C515}"
EndProject
Project("{FAE04EC0-301F-11D3-BF4B-00C04F79EFBC}") = "SingletonPattern", "SingletonPattern\SingletonPattern.csproj", "{E6054507-44FE-4C2E-951E-ECF247CA9AB1}"
EndProject
Global
	GlobalSection(SolutionConfigurationPlatforms) = preSolution
		Debug|Any CPU = Debug|Any CPU
		Release|Any CPU = Release|Any CPU
	EndGlobalSection
	GlobalSection(ProjectConfigurationPlatforms) = postSolution
		{7EF8B725-081F-4ADD-973A-E5DB5222C515}.Debug|Any CPU.ActiveCfg = Debug|Any CPU
		{7EF8B725-081F-4ADD-973A-E5DB5222C515}.Debug|Any CPU.Build.0 = Debug|Any CPU
		{7EF8B725-081F-4ADD-973A-E5DB5222C515}.Release|Any CPU.ActiveCfg = Release|Any CPU
		{7EF8B725-081F-4ADD-973A-E5DB5222C515}.Release|Any CPU.Build.0 = Release|Any CPU
		{E6054507-44FE-4C2E-951E-ECF247CA9AB1}.Debug|Any CPU.ActiveCfg = Debug|Any CPU
		{E6054507-44FE-4C2E-951E-ECF247CA9AB1}.Debug|Any CPU.Build.0 = Debug|Any CPU
		{E6054507-44FE-4C2E-951E-ECF247CA9AB1}.Release|Any CPU.ActiveCfg = Release|Any CPU
		{E6054507-44FE-4C2E-951E-ECF247CA9AB1}.Release|Any CPU.Build.0 = Release|Any CPU
	EndGlobalSection
	GlobalSection(SolutionProperties) = preSolution
		HideSolutionNode = FALSE
	EndGlobalSection
	GlobalSection(NestedProjects) = preSolution
		{7EF8B725-081F-4ADD-973A-E5DB5222C515} = {9ACAE063-9AE4-4DD7-8440-39CCB0FA76DF}
		{E6054507-44FE-4C2E-951E-ECF247CA9AB1} = {9ACAE063-9AE4-4DD7-8440-39CCB0FA76DF}
	EndGlobalSection
EndGlobal
